{
  "name": "zhiban-app",
  "lockfileVersion": 3,
  "requires": true,
  "packages": {
    "": {
      "devDependencies": {
        "@types/dom-speech-recognition": "^0.0.8"
      }
    },
    "node_modules/@types/dom-speech-recognition": {
      "version": "0.0.8",
      "resolved": "https://registry.npmjs.org/@types/dom-speech-recognition/-/dom-speech-recognition-0.0.8.tgz",
      "integrity": "sha512-JgpjlGQWGc+OjjTNfyJ8Ic2w2+NOdrmEpmdVAkg+sYblx8I5ZZTeA+cfxvgUMtXXT7/WzYYR2Rrp3ZDg+l/3vA==",
      "dev": true,
      "license": "MIT"
    }
  }
}
